vimagination.zapto.org/byteio v1.0.5 h1:xPq92lCx3m5EahcEUADFQqslcdd8cpqbEbGlJlu0his=
vimagination.zapto.org/byteio v1.0.5/go.mod h1:wd40f4fNg/FXkhOlTeB5B2G8bSLrMH6YX6PDtq3cApo=
vimagination.zapto.org/errors v0.0.0-20210927074325-10163b8c61b1 h1:Uwvw/aupdwluYMNafnDaogDjtJT38Jto/5MUw8fGBMU=
vimagination.zapto.org/errors v0.0.0-20210927074325-10163b8c61b1/go.mod h1:s7XdjppC3+XG3dX0aRBI8kvdYAk4DSRqLGM+tu0Prks=
vimagination.zapto.org/memio v1.0.0 h1:r0GDf430aNuGpOAV57UTvbUzAf82UclRyGG/pBp1uvU=
vimagination.zapto.org/memio v1.0.0/go.mod h1:zHGDKp2tyvF4IAfLti4pKYqCJucXYmmKMb3UMrCHK/4=
